github.com/bep/galleriesdeluxe v0.4.0 h1:gDOOdxJP8YsshQcziKTQ/9y6TQvMSsTZg1O2z3sa6jI=
github.com/bep/galleriesdeluxe v0.4.0/go.mod h1:2gkub2fjkq0Ax8+guqb8yz3qWlMbqXvk9giSLaYZIeA=
github.com/bep/gallerydeluxe v0.12.0 h1:Sb6I9WYitsNdgHyS8xxTLUzNpSrUeE9Ihwh1RGmgeEc=
github.com/bep/gallerydeluxe v0.12.0/go.mod h1:sUfRcjREo6DwxPo0sMp0TAxNZiGreOY6DY2dWGpSeR8=
